
Microsoft Visual Studio Solution File, Format Version 12.00
# Visual Studio 15
Project("{FAE04EC0-301F-11D3-BF4B-00C04F79EFBC}") = "Assembly-CSharp", "Assembly-CSharp.csproj", "{66C53CFC-E70C-64AA-1EB0-BCC1B4B9D0F5}"
EndProject
Project("{FAE04EC0-301F-11D3-BF4B-00C04F79EFBC}") = "Assembly-CSharp-Editor", "Assembly-CSharp-Editor.csproj", "{CA3D20E7-1409-F4AD-A898-B351E6675261}"
EndProject
Global
	GlobalSection(SolutionConfigurationPlatforms) = preSolution
		Debug|Any CPU = Debug|Any CPU
		Release|Any CPU = Release|Any CPU
	EndGlobalSection
	GlobalSection(ProjectConfigurationPlatforms) = postSolution
		{66C53CFC-E70C-64AA-1EB0-BCC1B4B9D0F5}.Debug|Any CPU.ActiveCfg = Debug|Any CPU
		{66C53CFC-E70C-64AA-1EB0-BCC1B4B9D0F5}.Debug|Any CPU.Build.0 = Debug|Any CPU
		{66C53CFC-E70C-64AA-1EB0-BCC1B4B9D0F5}.Release|Any CPU.ActiveCfg = Release|Any CPU
		{66C53CFC-E70C-64AA-1EB0-BCC1B4B9D0F5}.Release|Any CPU.Build.0 = Release|Any CPU
		{CA3D20E7-1409-F4AD-A898-B351E6675261}.Debug|Any CPU.ActiveCfg = Debug|Any CPU
		{CA3D20E7-1409-F4AD-A898-B351E6675261}.Debug|Any CPU.Build.0 = Debug|Any CPU
		{CA3D20E7-1409-F4AD-A898-B351E6675261}.Release|Any CPU.ActiveCfg = Release|Any CPU
		{CA3D20E7-1409-F4AD-A898-B351E6675261}.Release|Any CPU.Build.0 = Release|Any CPU
	EndGlobalSection
	GlobalSection(SolutionProperties) = preSolution
		HideSolutionNode = FALSE
	EndGlobalSection
EndGlobal
